
Microsoft Visual Studio Solution File, Format Version 12.00
# Visual Studio Version 17
VisualStudioVersion = 17.8.34330.188
MinimumVisualStudioVersion = 10.0.40219.1
Project("{FAE04EC0-301F-11D3-BF4B-00C04F79EFBC}") = "EquipmentRental.API", "EquipmentRental.API\EquipmentRental.API.csproj", "{FC6A55FE-A6E1-4335-8B02-FD70834229CB}"
EndProject
Global
	GlobalSection(SolutionConfigurationPlatforms) = preSolution
		Debug|Any CPU = Debug|Any CPU
		Release|Any CPU = Release|Any CPU
	EndGlobalSection
	GlobalSection(ProjectConfigurationPlatforms) = postSolution
		{FC6A55FE-A6E1-4335-8B02-FD70834229CB}.Debug|Any CPU.ActiveCfg = Debug|Any CPU
		{FC6A55FE-A6E1-4335-8B02-FD70834229CB}.Debug|Any CPU.Build.0 = Debug|Any CPU
		{FC6A55FE-A6E1-4335-8B02-FD70834229CB}.Release|Any CPU.ActiveCfg = Release|Any CPU
		{FC6A55FE-A6E1-4335-8B02-FD70834229CB}.Release|Any CPU.Build.0 = Release|Any CPU
	EndGlobalSection
	GlobalSection(SolutionProperties) = preSolution
		HideSolutionNode = FALSE
	EndGlobalSection
	GlobalSection(ExtensibilityGlobals) = postSolution
		SolutionGuid = {0179E195-0E66-41A3-B714-6F0EAE4E7672}
	EndGlobalSection
EndGlobal
